
Microsoft Visual Studio Solution File, Format Version 12.00
# Visual Studio Version 17
VisualStudioVersion = 17.3.32819.101
MinimumVisualStudioVersion = 10.0.40219.1
Project("{FAE04EC0-301F-11D3-BF4B-00C04F79EFBC}") = "UsersApi", "UsersApi\UsersApi.csproj", "{C9586DCA-D314-442C-9987-B4A7A8598725}"
EndProject
Global
	GlobalSection(SolutionConfigurationPlatforms) = preSolution
		Debug|Any CPU = Debug|Any CPU
		Release|Any CPU = Release|Any CPU
	EndGlobalSection
	GlobalSection(ProjectConfigurationPlatforms) = postSolution
		{C9586DCA-D314-442C-9987-B4A7A8598725}.Debug|Any CPU.ActiveCfg = Debug|Any CPU
		{C9586DCA-D314-442C-9987-B4A7A8598725}.Debug|Any CPU.Build.0 = Debug|Any CPU
		{C9586DCA-D314-442C-9987-B4A7A8598725}.Release|Any CPU.ActiveCfg = Release|Any CPU
		{C9586DCA-D314-442C-9987-B4A7A8598725}.Release|Any CPU.Build.0 = Release|Any CPU
	EndGlobalSection
	GlobalSection(SolutionProperties) = preSolution
		HideSolutionNode = FALSE
	EndGlobalSection
	GlobalSection(ExtensibilityGlobals) = postSolution
		SolutionGuid = {83D3C9FA-8C96-4EF8-87B0-63695BFB93DD}
	EndGlobalSection
EndGlobal
